{
  "lockfileVersion": 1,
  "configVersion": 1,
  "workspaces": {
    "": {
      "dependencies": {
        "@osovv/grace-cli": "^4.0.5",
      },
    },
  },
  "packages": {
    "@nodable/entities": ["@nodable/entities@3.0.0", "", {}, "sha512-8L9xFeTYKhm49xfIypoe2W5wV1m/3Z58kT+7kR9A8OyFxcPduI4VmxaUMQyKYrRjUoLLSXv6EKKID5Tvj9cUVw=="],

    "@osovv/grace-cli": ["@osovv/grace-cli@4.0.5", "", { "dependencies": { "citty": "^0.2.2", "fast-xml-parser": "^5.2.5", "typescript": "^6.0.2" }, "bin": { "grace": "src/grace.ts" } }, "sha512-op245wZhp4Gq3bknJvwi5JqIOHf8YNVGMvDm5hU8N8Pjjz/8eQzukb8RLed1Rdds39GzWNByk5lodcF5+R7KwA=="],

    "anynum": ["anynum@1.0.1", "", {}, "sha512-N6//FLET/tXYNM/F6ABca1oH6fWB+KlTt909Le28WMDBk8oaT4vY17DCrwg2MvmuqUKt3Ni4N5dGJ/EoBgcO6A=="],

    "citty": ["citty@0.2.2", "", {}, "sha512-+6vJA3L98yv+IdfKGZHBNiGW5KHn22e/JwID0Strsz8h4S/csAu/OuICwxrg44k5MRiZHWIo8XXuJgQTriRP4w=="],

    "fast-xml-builder": ["fast-xml-builder@1.3.1", "", { "dependencies": { "path-expression-matcher": "^1.6.2", "xml-naming": "^0.3.0" } }, "sha512-pIM/1n3ntFXKYrUZwW7QCK0gAW7XY+wzj1YMIV3tLDvPj/V+zTGJK5e3/4WJfwj0qWw2ElNXiTixda/R+3YSug=="],

    "fast-xml-parser": ["fast-xml-parser@5.11.0", "", { "dependencies": { "@nodable/entities": "^3.0.0", "fast-xml-builder": "^1.2.0", "is-unsafe": "^2.0.0", "path-expression-matcher": "^1.6.2", "strnum": "^2.4.2", "xml-naming": "^0.3.0" }, "bin": { "fxparser": "src/cli/cli.js" } }, "sha512-9IGxMqvqLOnqP+Egi1nqDHKv5k8aZ7r9n558enxcucmyVGEBNPAU+MOg/8jPIS7rO7sSq4gFm1/nHtiaubMruw=="],

    "is-unsafe": ["is-unsafe@2.0.2", "", {}, "sha512-HgbIHPBH0KHHCcjLfGsCvhtPTVxjaAZlXjwdz7/GQC40SjSe4sfQsar8J5VFo8JOSbarkpV0OLG95bbaNd9aAQ=="],

    "path-expression-matcher": ["path-expression-matcher@1.6.2", "", {}, "sha512-enSlaiat05iasnzmgNxRj8reFdj3puY2QpNgP1aPIaVfT6nn9ICuPoFlKHk8EN22HcwewshO+mN2DGbkCEOtqQ=="],

    "strnum": ["strnum@2.4.2", "", { "dependencies": { "anynum": "^1.0.1" } }, "sha512-rDG3Ah4TV0k1hWvLSzkZtMmLN9+eS+h3knq4MP6A42Y3Yh5qGNnOUs1jJkoSr8FG5dsL28c7KgkIBzSEykqtuw=="],

    "typescript": ["typescript@6.0.3", "", { "bin": { "tsc": "bin/tsc", "tsserver": "bin/tsserver" } }, "sha512-y2TvuxSZPDyQakkFRPZHKFm+KKVqIisdg9/CZwm9ftvKXLP8NRWj38/ODjNbr43SsoXqNuAisEf1GdCxqWcdBw=="],

    "xml-naming": ["xml-naming@0.3.0", "", {}, "sha512-ghig2TBE/H11aOVgmahA3MhimvkBr6JIYknH/Dhdk10nXwdbIqBJsbfMxpvFPG8bAw77gN29aQWvKpmVoPlvPQ=="],
  }
}
